
Microsoft Visual Studio Solution File, Format Version 12.00
# Visual Studio 2013
VisualStudioVersion = 12.0.31101.0
MinimumVisualStudioVersion = 10.0.40219.1
Project("{2150E333-8FDC-42A3-9474-1A3956D46DE8}") = "AIServo_Main", "AIServo_Main", "{7C6D1020-C570-44D0-91CD-7A256B6D2950}"
EndProject
Project("{D954291E-2A0B-460D-934E-DC6B0785DB48}") = "AIServo_Main.Shared", "AIServo_Main\AIServo_Main.Shared\AIServo_Main.Shared.shproj", "{6307049A-CBC9-4CF9-9442-364662286BF7}"
EndProject
Project("{FAE04EC0-301F-11D3-BF4B-00C04F79EFBC}") = "AIServo_Main.Windows", "AIServo_Main\AIServo_Main.Windows\AIServo_Main.Windows.csproj", "{F7C934A2-AD95-4381-B34C-1F6478A2088B}"
EndProject
Project("{FAE04EC0-301F-11D3-BF4B-00C04F79EFBC}") = "AIServo_Main.WindowsPhone", "AIServo_Main\AIServo_Main.WindowsPhone\AIServo_Main.WindowsPhone.csproj", "{64462AC7-7722-4FE1-91F7-F0B8FE6FAAAB}"
EndProject
Project("{FAE04EC0-301F-11D3-BF4B-00C04F79EFBC}") = "AIServo.Engine", "AIServo.Engine\AIServo.Engine.csproj", "{BD31BE15-9056-43F7-B882-7BA662B591ED}"
EndProject
Project("{FAE04EC0-301F-11D3-BF4B-00C04F79EFBC}") = "ExpressionEvaluation", "ExpressionEvaluation\ExpressionEvaluation.csproj", "{977BF071-C9EB-495A-A990-681BA9B5640A}"
EndProject
Project("{2150E333-8FDC-42A3-9474-1A3956D46DE8}") = "AIServo.Engine", "AIServo.Engine", "{0414AC75-C455-421E-8AC2-08CAF67BA675}"
EndProject
Project("{2150E333-8FDC-42A3-9474-1A3956D46DE8}") = "AIServo_Console", "AIServo_Console", "{2034F6C5-B667-498E-8A99-8E9F137019F5}"
EndProject
Project("{FAE04EC0-301F-11D3-BF4B-00C04F79EFBC}") = "AIServo_Console", "AIServo_Console\AIServo_Console.csproj", "{54903F2A-EF9E-43A2-87F1-85CAB6BD2D74}"
EndProject
Global
	GlobalSection(SharedMSBuildProjectFiles) = preSolution
		AIServo_Main\AIServo_Main.Shared\AIServo_Main.Shared.projitems*{6307049a-cbc9-4cf9-9442-364662286bf7}*SharedItemsImports = 13
		AIServo_Main\AIServo_Main.Shared\AIServo_Main.Shared.projitems*{64462ac7-7722-4fe1-91f7-f0b8fe6faaab}*SharedItemsImports = 4
		AIServo_Main\AIServo_Main.Shared\AIServo_Main.Shared.projitems*{f7c934a2-ad95-4381-b34c-1f6478a2088b}*SharedItemsImports = 4
	EndGlobalSection
	GlobalSection(SolutionConfigurationPlatforms) = preSolution
		Debug|Any CPU = Debug|Any CPU
		Debug|ARM = Debug|ARM
		Debug|x64 = Debug|x64
		Debug|x86 = Debug|x86
		Release|Any CPU = Release|Any CPU
		Release|ARM = Release|ARM
		Release|x64 = Release|x64
		Release|x86 = Release|x86
	EndGlobalSection
	GlobalSection(ProjectConfigurationPlatforms) = postSolution
		{F7C934A2-AD95-4381-B34C-1F6478A2088B}.Debug|Any CPU.ActiveCfg = Debug|Any CPU
		{F7C934A2-AD95-4381-B34C-1F6478A2088B}.Debug|Any CPU.Build.0 = Debug|Any CPU
		{F7C934A2-AD95-4381-B34C-1F6478A2088B}.Debug|Any CPU.Deploy.0 = Debug|Any CPU
		{F7C934A2-AD95-4381-B34C-1F6478A2088B}.Debug|ARM.ActiveCfg = Debug|ARM
		{F7C934A2-AD95-4381-B34C-1F6478A2088B}.Debug|ARM.Build.0 = Debug|ARM
		{F7C934A2-AD95-4381-B34C-1F6478A2088B}.Debug|ARM.Deploy.0 = Debug|ARM
		{F7C934A2-AD95-4381-B34C-1F6478A2088B}.Debug|x64.ActiveCfg = Debug|x64
		{F7C934A2-AD95-4381-B34C-1F6478A2088B}.Debug|x64.Build.0 = Debug|x64
		{F7C934A2-AD95-4381-B34C-1F6478A2088B}.Debug|x64.Deploy.0 = Debug|x64
		{F7C934A2-AD95-4381-B34C-1F6478A2088B}.Debug|x86.ActiveCfg = Debug|x86
		{F7C934A2-AD95-4381-B34C-1F6478A2088B}.Debug|x86.Build.0 = Debug|x86
		{F7C934A2-AD95-4381-B34C-1F6478A2088B}.Debug|x86.Deploy.0 = Debug|x86
		{F7C934A2-AD95-4381-B34C-1F6478A2088B}.Release|Any CPU.ActiveCfg = Release|Any CPU
		{F7C934A2-AD95-4381-B34C-1F6478A2088B}.Release|Any CPU.Build.0 = Release|Any CPU
		{F7C934A2-AD95-4381-B34C-1F6478A2088B}.Release|Any CPU.Deploy.0 = Release|Any CPU
		{F7C934A2-AD95-4381-B34C-1F6478A2088B}.Release|ARM.ActiveCfg = Release|ARM
		{F7C934A2-AD95-4381-B34C-1F6478A2088B}.Release|ARM.Build.0 = Release|ARM
		{F7C934A2-AD95-4381-B34C-1F6478A2088B}.Release|ARM.Deploy.0 = Release|ARM
		{F7C934A2-AD95-4381-B34C-1F6478A2088B}.Release|x64.ActiveCfg = Release|x64
		{F7C934A2-AD95-4381-B34C-1F6478A2088B}.Release|x64.Build.0 = Release|x64
		{F7C934A2-AD95-4381-B34C-1F6478A2088B}.Release|x64.Deploy.0 = Release|x64
		{F7C934A2-AD95-4381-B34C-1F6478A2088B}.Release|x86.ActiveCfg = Release|x86
		{F7C934A2-AD95-4381-B34C-1F6478A2088B}.Release|x86.Build.0 = Release|x86
		{F7C934A2-AD95-4381-B34C-1F6478A2088B}.Release|x86.Deploy.0 = Release|x86
		{64462AC7-7722-4FE1-91F7-F0B8FE6FAAAB}.Debug|Any CPU.ActiveCfg = Debug|Any CPU
		{64462AC7-7722-4FE1-91F7-F0B8FE6FAAAB}.Debug|Any CPU.Build.0 = Debug|Any CPU
		{64462AC7-7722-4FE1-91F7-F0B8FE6FAAAB}.Debug|Any CPU.Deploy.0 = Debug|Any CPU
		{64462AC7-7722-4FE1-91F7-F0B8FE6FAAAB}.Debug|ARM.ActiveCfg = Debug|ARM
		{64462AC7-7722-4FE1-91F7-F0B8FE6FAAAB}.Debug|ARM.Build.0 = Debug|ARM
		{64462AC7-7722-4FE1-91F7-F0B8FE6FAAAB}.Debug|ARM.Deploy.0 = Debug|ARM
		{64462AC7-7722-4FE1-91F7-F0B8FE6FAAAB}.Debug|x64.ActiveCfg = Debug|Any CPU
		{64462AC7-7722-4FE1-91F7-F0B8FE6FAAAB}.Debug|x86.ActiveCfg = Debug|x86
		{64462AC7-7722-4FE1-91F7-F0B8FE6FAAAB}.Debug|x86.Build.0 = Debug|x86
		{64462AC7-7722-4FE1-91F7-F0B8FE6FAAAB}.Debug|x86.Deploy.0 = Debug|x86
		{64462AC7-7722-4FE1-91F7-F0B8FE6FAAAB}.Release|Any CPU.ActiveCfg = Release|Any CPU
		{64462AC7-7722-4FE1-91F7-F0B8FE6FAAAB}.Release|Any CPU.Build.0 = Release|Any CPU
		{64462AC7-7722-4FE1-91F7-F0B8FE6FAAAB}.Release|Any CPU.Deploy.0 = Release|Any CPU
		{64462AC7-7722-4FE1-91F7-F0B8FE6FAAAB}.Release|ARM.ActiveCfg = Release|ARM
		{64462AC7-7722-4FE1-91F7-F0B8FE6FAAAB}.Release|ARM.Build.0 = Release|ARM
		{64462AC7-7722-4FE1-91F7-F0B8FE6FAAAB}.Release|ARM.Deploy.0 = Release|ARM
		{64462AC7-7722-4FE1-91F7-F0B8FE6FAAAB}.Release|x64.ActiveCfg = Release|Any CPU
		{64462AC7-7722-4FE1-91F7-F0B8FE6FAAAB}.Release|x86.ActiveCfg = Release|x86
		{64462AC7-7722-4FE1-91F7-F0B8FE6FAAAB}.Release|x86.Build.0 = Release|x86
		{64462AC7-7722-4FE1-91F7-F0B8FE6FAAAB}.Release|x86.Deploy.0 = Release|x86
		{BD31BE15-9056-43F7-B882-7BA662B591ED}.Debug|Any CPU.ActiveCfg = Debug|Any CPU
		{BD31BE15-9056-43F7-B882-7BA662B591ED}.Debug|Any CPU.Build.0 = Debug|Any CPU
		{BD31BE15-9056-43F7-B882-7BA662B591ED}.Debug|ARM.ActiveCfg = Debug|Any CPU
		{BD31BE15-9056-43F7-B882-7BA662B591ED}.Debug|x64.ActiveCfg = Debug|Any CPU
		{BD31BE15-9056-43F7-B882-7BA662B591ED}.Debug|x86.ActiveCfg = Debug|Any CPU
		{BD31BE15-9056-43F7-B882-7BA662B591ED}.Release|Any CPU.ActiveCfg = Release|Any CPU
		{BD31BE15-9056-43F7-B882-7BA662B591ED}.Release|Any CPU.Build.0 = Release|Any CPU
		{BD31BE15-9056-43F7-B882-7BA662B591ED}.Release|ARM.ActiveCfg = Release|Any CPU
		{BD31BE15-9056-43F7-B882-7BA662B591ED}.Release|x64.ActiveCfg = Release|Any CPU
		{BD31BE15-9056-43F7-B882-7BA662B591ED}.Release|x86.ActiveCfg = Release|Any CPU
		{977BF071-C9EB-495A-A990-681BA9B5640A}.Debug|Any CPU.ActiveCfg = Debug|Any CPU
		{977BF071-C9EB-495A-A990-681BA9B5640A}.Debug|Any CPU.Build.0 = Debug|Any CPU
		{977BF071-C9EB-495A-A990-681BA9B5640A}.Debug|ARM.ActiveCfg = Debug|Any CPU
		{977BF071-C9EB-495A-A990-681BA9B5640A}.Debug|x64.ActiveCfg = Debug|Any CPU
		{977BF071-C9EB-495A-A990-681BA9B5640A}.Debug|x86.ActiveCfg = Debug|Any CPU
		{977BF071-C9EB-495A-A990-681BA9B5640A}.Release|Any CPU.ActiveCfg = Release|Any CPU
		{977BF071-C9EB-495A-A990-681BA9B5640A}.Release|Any CPU.Build.0 = Release|Any CPU
		{977BF071-C9EB-495A-A990-681BA9B5640A}.Release|ARM.ActiveCfg = Release|Any CPU
		{977BF071-C9EB-495A-A990-681BA9B5640A}.Release|x64.ActiveCfg = Release|Any CPU
		{977BF071-C9EB-495A-A990-681BA9B5640A}.Release|x86.ActiveCfg = Release|Any CPU
		{54903F2A-EF9E-43A2-87F1-85CAB6BD2D74}.Debug|Any CPU.ActiveCfg = Debug|Any CPU
		{54903F2A-EF9E-43A2-87F1-85CAB6BD2D74}.Debug|Any CPU.Build.0 = Debug|Any CPU
		{54903F2A-EF9E-43A2-87F1-85CAB6BD2D74}.Debug|ARM.ActiveCfg = Debug|Any CPU
		{54903F2A-EF9E-43A2-87F1-85CAB6BD2D74}.Debug|x64.ActiveCfg = Debug|Any CPU
		{54903F2A-EF9E-43A2-87F1-85CAB6BD2D74}.Debug|x86.ActiveCfg = Debug|Any CPU
		{54903F2A-EF9E-43A2-87F1-85CAB6BD2D74}.Release|Any CPU.ActiveCfg = Release|Any CPU
		{54903F2A-EF9E-43A2-87F1-85CAB6BD2D74}.Release|Any CPU.Build.0 = Release|Any CPU
		{54903F2A-EF9E-43A2-87F1-85CAB6BD2D74}.Release|ARM.ActiveCfg = Release|Any CPU
		{54903F2A-EF9E-43A2-87F1-85CAB6BD2D74}.Release|x64.ActiveCfg = Release|Any CPU
		{54903F2A-EF9E-43A2-87F1-85CAB6BD2D74}.Release|x86.ActiveCfg = Release|Any CPU
	EndGlobalSection
	GlobalSection(SolutionProperties) = preSolution
		HideSolutionNode = FALSE
	EndGlobalSection
	GlobalSection(NestedProjects) = preSolution
		{6307049A-CBC9-4CF9-9442-364662286BF7} = {7C6D1020-C570-44D0-91CD-7A256B6D2950}
		{F7C934A2-AD95-4381-B34C-1F6478A2088B} = {7C6D1020-C570-44D0-91CD-7A256B6D2950}
		{64462AC7-7722-4FE1-91F7-F0B8FE6FAAAB} = {7C6D1020-C570-44D0-91CD-7A256B6D2950}
		{BD31BE15-9056-43F7-B882-7BA662B591ED} = {0414AC75-C455-421E-8AC2-08CAF67BA675}
		{977BF071-C9EB-495A-A990-681BA9B5640A} = {0414AC75-C455-421E-8AC2-08CAF67BA675}
		{54903F2A-EF9E-43A2-87F1-85CAB6BD2D74} = {2034F6C5-B667-498E-8A99-8E9F137019F5}
	EndGlobalSection
EndGlobal
